Microsoft Visual Studio Solution File, Format Version 12.00
# Visual Studio Version 17
VisualStudioVersion = 17.11.35222.181
MinimumVisualStudioVersion = 10.0.40219.1
Project("{2150E333-8FDC-42A3-9474-1A3956D46DE8}") = "01-Core", "01-Core", "{DA7E8225-4980-4710-9258-14A144AEAD9A}"
EndProject
Project("{2150E333-8FDC-42A3-9474-1A3956D46DE8}") = "02-Infrastructure", "02-Infrastructure", "{3D3A1B80-6277-40CB-9C14-87BEC24CBCCE}"
EndProject
Project("{2150E333-8FDC-42A3-9474-1A3956D46DE8}") = "03-Shared", "03-Shared", "{C19E3012-4E3C-4DD3-B6A9-47EC6A2444B7}"
EndProject
Project("{2150E333-8FDC-42A3-9474-1A3956D46DE8}") = "04-Presentation", "04-Presentation", "{CCB4731E-6B32-47BB-96C9-A52B2C2D64EB}"
EndProject
Project("{2150E333-8FDC-42A3-9474-1A3956D46DE8}") = "05-Tests", "05-Tests", "{4532050B-8BBC-4196-9606-F78A72172E97}"
EndProject
Project("{2150E333-8FDC-42A3-9474-1A3956D46DE8}") = "Solution Items", "Solution Items", "{07950352-0E4F-4C46-8548-9EC113065A68}"
	ProjectSection(SolutionItems) = preProject
		Directory.Build.props = Directory.Build.props
		Directory.Packages.props = Directory.Packages.props
		global.json = global.json
		.gitignore = .gitignore
	EndProjectSection
EndProject
Project("{9A19103F-16F2-4668-BE54-9A1E7A4F7556}") = "ERP.Domain", "src\Core\ERP.Domain\ERP.Domain.csproj", "{7D164285-9AA6-4FF6-AF83-720CC621DB6A}"
EndProject
Project("{9A19103F-16F2-4668-BE54-9A1E7A4F7556}") = "ERP.Application", "src\Core\ERP.Application\ERP.Application.csproj", "{E4931537-6814-483F-BF20-4C8A2DCE81C3}"
EndProject
Project("{9A19103F-16F2-4668-BE54-9A1E7A4F7556}") = "ERP.Persistence", "src\Infrastructure\ERP.Persistence\ERP.Persistence.csproj", "{63EFCD0B-05C9-4400-ACC4-93154C060FAE}"
EndProject
Project("{9A19103F-16F2-4668-BE54-9A1E7A4F7556}") = "ERP.Infrastructure", "src\Infrastructure\ERP.Infrastructure\ERP.Infrastructure.csproj", "{CCA700A0-FA53-42F8-BE19-4A7EC2C8D297}"
EndProject
Project("{9A19103F-16F2-4668-BE54-9A1E7A4F7556}") = "ERP.Security", "src\Infrastructure\ERP.Security\ERP.Security.csproj", "{00CF636E-F642-4AF5-8AFB-01DF38488933}"
EndProject
Project("{9A19103F-16F2-4668-BE54-9A1E7A4F7556}") = "ERP.Workflow", "src\Infrastructure\ERP.Workflow\ERP.Workflow.csproj", "{D2DCFD63-32DB-41E9-8600-08C2F7553984}"
EndProject
Project("{9A19103F-16F2-4668-BE54-9A1E7A4F7556}") = "ERP.Notifications", "src\Infrastructure\ERP.Notifications\ERP.Notifications.csproj", "{13BA5F16-3F68-48C8-9110-383CEE42F4F2}"
EndProject
Project("{9A19103F-16F2-4668-BE54-9A1E7A4F7556}") = "ERP.Reporting", "src\Infrastructure\ERP.Reporting\ERP.Reporting.csproj", "{E0551BF8-AAF9-4FEF-8FA8-EF76CBBEA565}"
EndProject
Project("{9A19103F-16F2-4668-BE54-9A1E7A4F7556}") = "ERP.Shared", "src\Shared\ERP.Shared\ERP.Shared.csproj", "{146F56E5-CAD6-4398-B9B9-92CE5D77705D}"
EndProject
Project("{9A19103F-16F2-4668-BE54-9A1E7A4F7556}") = "ERP.Web", "src\Presentation\ERP.Web\ERP.Web.csproj", "{29FA9EBA-6DDA-46A2-9881-6F4CE58BE97B}"
EndProject
Project("{9A19103F-16F2-4668-BE54-9A1E7A4F7556}") = "ERP.UnitTests", "tests\ERP.UnitTests\ERP.UnitTests.csproj", "{AB58AF46-3F48-42FE-B169-394DBD61AA59}"
EndProject
Project("{9A19103F-16F2-4668-BE54-9A1E7A4F7556}") = "ERP.IntegrationTests", "tests\ERP.IntegrationTests\ERP.IntegrationTests.csproj", "{6494CD83-DFE0-4AA5-BF60-68ABBBE0E0CF}"
EndProject
Project("{9A19103F-16F2-4668-BE54-9A1E7A4F7556}") = "ERP.ArchitectureTests", "tests\ERP.ArchitectureTests\ERP.ArchitectureTests.csproj", "{4EBCC04D-586E-43C8-9363-517FAAD8BC00}"
EndProject
Global
	GlobalSection(SolutionConfigurationPlatforms) = preSolution
		Debug|Any CPU = Debug|Any CPU
		Release|Any CPU = Release|Any CPU
	EndGlobalSection
	GlobalSection(ProjectConfigurationPlatforms) = postSolution
		{7D164285-9AA6-4FF6-AF83-720CC621DB6A}.Debug|Any CPU.ActiveCfg = Debug|Any CPU
		{7D164285-9AA6-4FF6-AF83-720CC621DB6A}.Debug|Any CPU.Build.0 = Debug|Any CPU
		{7D164285-9AA6-4FF6-AF83-720CC621DB6A}.Release|Any CPU.ActiveCfg = Release|Any CPU
		{7D164285-9AA6-4FF6-AF83-720CC621DB6A}.Release|Any CPU.Build.0 = Release|Any CPU
		{E4931537-6814-483F-BF20-4C8A2DCE81C3}.Debug|Any CPU.ActiveCfg = Debug|Any CPU
		{E4931537-6814-483F-BF20-4C8A2DCE81C3}.Debug|Any CPU.Build.0 = Debug|Any CPU
		{E4931537-6814-483F-BF20-4C8A2DCE81C3}.Release|Any CPU.ActiveCfg = Release|Any CPU
		{E4931537-6814-483F-BF20-4C8A2DCE81C3}.Release|Any CPU.Build.0 = Release|Any CPU
		{63EFCD0B-05C9-4400-ACC4-93154C060FAE}.Debug|Any CPU.ActiveCfg = Debug|Any CPU
		{63EFCD0B-05C9-4400-ACC4-93154C060FAE}.Debug|Any CPU.Build.0 = Debug|Any CPU
		{63EFCD0B-05C9-4400-ACC4-93154C060FAE}.Release|Any CPU.ActiveCfg = Release|Any CPU
		{63EFCD0B-05C9-4400-ACC4-93154C060FAE}.Release|Any CPU.Build.0 = Release|Any CPU
		{CCA700A0-FA53-42F8-BE19-4A7EC2C8D297}.Debug|Any CPU.ActiveCfg = Debug|Any CPU
		{CCA700A0-FA53-42F8-BE19-4A7EC2C8D297}.Debug|Any CPU.Build.0 = Debug|Any CPU
		{CCA700A0-FA53-42F8-BE19-4A7EC2C8D297}.Release|Any CPU.ActiveCfg = Release|Any CPU
		{CCA700A0-FA53-42F8-BE19-4A7EC2C8D297}.Release|Any CPU.Build.0 = Release|Any CPU
		{00CF636E-F642-4AF5-8AFB-01DF38488933}.Debug|Any CPU.ActiveCfg = Debug|Any CPU
		{00CF636E-F642-4AF5-8AFB-01DF38488933}.Debug|Any CPU.Build.0 = Debug|Any CPU
		{00CF636E-F642-4AF5-8AFB-01DF38488933}.Release|Any CPU.ActiveCfg = Release|Any CPU
		{00CF636E-F642-4AF5-8AFB-01DF38488933}.Release|Any CPU.Build.0 = Release|Any CPU
		{D2DCFD63-32DB-41E9-8600-08C2F7553984}.Debug|Any CPU.ActiveCfg = Debug|Any CPU
		{D2DCFD63-32DB-41E9-8600-08C2F7553984}.Debug|Any CPU.Build.0 = Debug|Any CPU
		{D2DCFD63-32DB-41E9-8600-08C2F7553984}.Release|Any CPU.ActiveCfg = Release|Any CPU
		{D2DCFD63-32DB-41E9-8600-08C2F7553984}.Release|Any CPU.Build.0 = Release|Any CPU
		{13BA5F16-3F68-48C8-9110-383CEE42F4F2}.Debug|Any CPU.ActiveCfg = Debug|Any CPU
		{13BA5F16-3F68-48C8-9110-383CEE42F4F2}.Debug|Any CPU.Build.0 = Debug|Any CPU
		{13BA5F16-3F68-48C8-9110-383CEE42F4F2}.Release|Any CPU.ActiveCfg = Release|Any CPU
		{13BA5F16-3F68-48C8-9110-383CEE42F4F2}.Release|Any CPU.Build.0 = Release|Any CPU
		{E0551BF8-AAF9-4FEF-8FA8-EF76CBBEA565}.Debug|Any CPU.ActiveCfg = Debug|Any CPU
		{E0551BF8-AAF9-4FEF-8FA8-EF76CBBEA565}.Debug|Any CPU.Build.0 = Debug|Any CPU
		{E0551BF8-AAF9-4FEF-8FA8-EF76CBBEA565}.Release|Any CPU.ActiveCfg = Release|Any CPU
		{E0551BF8-AAF9-4FEF-8FA8-EF76CBBEA565}.Release|Any CPU.Build.0 = Release|Any CPU
		{146F56E5-CAD6-4398-B9B9-92CE5D77705D}.Debug|Any CPU.ActiveCfg = Debug|Any CPU
		{146F56E5-CAD6-4398-B9B9-92CE5D77705D}.Debug|Any CPU.Build.0 = Debug|Any CPU
		{146F56E5-CAD6-4398-B9B9-92CE5D77705D}.Release|Any CPU.ActiveCfg = Release|Any CPU
		{146F56E5-CAD6-4398-B9B9-92CE5D77705D}.Release|Any CPU.Build.0 = Release|Any CPU
		{29FA9EBA-6DDA-46A2-9881-6F4CE58BE97B}.Debug|Any CPU.ActiveCfg = Debug|Any CPU
		{29FA9EBA-6DDA-46A2-9881-6F4CE58BE97B}.Debug|Any CPU.Build.0 = Debug|Any CPU
		{29FA9EBA-6DDA-46A2-9881-6F4CE58BE97B}.Release|Any CPU.ActiveCfg = Release|Any CPU
		{29FA9EBA-6DDA-46A2-9881-6F4CE58BE97B}.Release|Any CPU.Build.0 = Release|Any CPU
		{AB58AF46-3F48-42FE-B169-394DBD61AA59}.Debug|Any CPU.ActiveCfg = Debug|Any CPU
		{AB58AF46-3F48-42FE-B169-394DBD61AA59}.Debug|Any CPU.Build.0 = Debug|Any CPU
		{AB58AF46-3F48-42FE-B169-394DBD61AA59}.Release|Any CPU.ActiveCfg = Release|Any CPU
		{AB58AF46-3F48-42FE-B169-394DBD61AA59}.Release|Any CPU.Build.0 = Release|Any CPU
		{6494CD83-DFE0-4AA5-BF60-68ABBBE0E0CF}.Debug|Any CPU.ActiveCfg = Debug|Any CPU
		{6494CD83-DFE0-4AA5-BF60-68ABBBE0E0CF}.Debug|Any CPU.Build.0 = Debug|Any CPU
		{6494CD83-DFE0-4AA5-BF60-68ABBBE0E0CF}.Release|Any CPU.ActiveCfg = Release|Any CPU
		{6494CD83-DFE0-4AA5-BF60-68ABBBE0E0CF}.Release|Any CPU.Build.0 = Release|Any CPU
		{4EBCC04D-586E-43C8-9363-517FAAD8BC00}.Debug|Any CPU.ActiveCfg = Debug|Any CPU
		{4EBCC04D-586E-43C8-9363-517FAAD8BC00}.Debug|Any CPU.Build.0 = Debug|Any CPU
		{4EBCC04D-586E-43C8-9363-517FAAD8BC00}.Release|Any CPU.ActiveCfg = Release|Any CPU
		{4EBCC04D-586E-43C8-9363-517FAAD8BC00}.Release|Any CPU.Build.0 = Release|Any CPU
	EndGlobalSection
	GlobalSection(SolutionProperties) = preSolution
		HideSolutionNode = FALSE
	EndGlobalSection
	GlobalSection(NestedProjects) = preSolution
		{7D164285-9AA6-4FF6-AF83-720CC621DB6A} = {DA7E8225-4980-4710-9258-14A144AEAD9A}
		{E4931537-6814-483F-BF20-4C8A2DCE81C3} = {DA7E8225-4980-4710-9258-14A144AEAD9A}
		{63EFCD0B-05C9-4400-ACC4-93154C060FAE} = {3D3A1B80-6277-40CB-9C14-87BEC24CBCCE}
		{CCA700A0-FA53-42F8-BE19-4A7EC2C8D297} = {3D3A1B80-6277-40CB-9C14-87BEC24CBCCE}
		{00CF636E-F642-4AF5-8AFB-01DF38488933} = {3D3A1B80-6277-40CB-9C14-87BEC24CBCCE}
		{D2DCFD63-32DB-41E9-8600-08C2F7553984} = {3D3A1B80-6277-40CB-9C14-87BEC24CBCCE}
		{13BA5F16-3F68-48C8-9110-383CEE42F4F2} = {3D3A1B80-6277-40CB-9C14-87BEC24CBCCE}
		{E0551BF8-AAF9-4FEF-8FA8-EF76CBBEA565} = {3D3A1B80-6277-40CB-9C14-87BEC24CBCCE}
		{146F56E5-CAD6-4398-B9B9-92CE5D77705D} = {C19E3012-4E3C-4DD3-B6A9-47EC6A2444B7}
		{29FA9EBA-6DDA-46A2-9881-6F4CE58BE97B} = {CCB4731E-6B32-47BB-96C9-A52B2C2D64EB}
		{AB58AF46-3F48-42FE-B169-394DBD61AA59} = {4532050B-8BBC-4196-9606-F78A72172E97}
		{6494CD83-DFE0-4AA5-BF60-68ABBBE0E0CF} = {4532050B-8BBC-4196-9606-F78A72172E97}
		{4EBCC04D-586E-43C8-9363-517FAAD8BC00} = {4532050B-8BBC-4196-9606-F78A72172E97}
	EndGlobalSection
	GlobalSection(ExtensibilityGlobals) = postSolution
		SolutionGuid = {D98AB588-CBAE-449A-BA53-4EE0D530E6EA}
	EndGlobalSection
EndGlobal
